// !$*UTF8*$!
{
	archiveVersion = 1;
	classes = {
	};
	objectVersion = 46;
	objects = {

/* Begin PBXBuildFile section */
		3B986FDB1CD55F8B0096A9D1 /* AppDelegate.swift in Sources */ = {isa = PBXBuildFile; fileRef = 3B986FDA1CD55F8B0096A9D1 /* AppDelegate.swift */; };
		3B986FDD1CD55F8B0096A9D1 /* ViewController.swift in Sources */ = {isa = PBXBuildFile; fileRef = 3B986FDC1CD55F8B0096A9D1 /* ViewController.swift */; };
		3B986FE01CD55F8B0096A9D1 /* Main.storyboard in Resources */ = {isa = PBXBuildFile; fileRef = 3B986FDE1CD55F8B0096A9D1 /* Main.storyboard */; };
		3B986FE21CD55F8B0096A9D1 /* Assets.xcassets in Resources */ = {isa = PBXBuildFile; fileRef = 3B986FE11CD55F8B0096A9D1 /* Assets.xcassets */; };
		3B986FE51CD55F8B0096A9D1 /* LaunchScreen.storyboard in Resources */ = {isa = PBXBuildFile; fileRef = 3B986FE31CD55F8B0096A9D1 /* LaunchScreen.storyboard */; };
		3BD1972A1CD6ABC200079174 /* AVFoundation.framework in Frameworks */ = {isa = PBXBuildFile; fileRef = 3BD197291CD6ABC200079174 /* AVFoundation.framework */; };
		3BD197321CD6CB5A00079174 /* True Frontliner.mp3 in Resources */ = {isa = PBXBuildFile; fileRef = 3BD1972F1CD6CB5A00079174 /* True Frontliner.mp3 */; };
		3BD197331CD6CB5A00079174 /* Wild Wild West.mp3 in Resources */ = {isa = PBXBuildFile; fileRef = 3BD197301CD6CB5A00079174 /* Wild Wild West.mp3 */; };
		3BD197341CD6CB5A00079174 /* Tell Me.mp3 in Resources */ = {isa = PBXBuildFile; fileRef = 3BD197311CD6CB5A00079174 /* Tell Me.mp3 */; };
/* End PBXBuildFile section */

/* Begin PBXFileReference section */
		3B986FD71CD55F8B0096A9D1 /* MP3.app */ = {isa = PBXFileReference; explicitFileType = wrapper.application; includeInIndex = 0; path = MP3.app; sourceTree = BUILT_PRODUCTS_DIR; };
		3B986FDA1CD55F8B0096A9D1 /* AppDelegate.swift */ = {isa = PBXFileReference; lastKnownFileType = sourcecode.swift; path = AppDelegate.swift; sourceTree = "<group>"; };
		3B986FDC1CD55F8B0096A9D1 /* ViewController.swift */ = {isa = PBXFileReference; lastKnownFileType = sourcecode.swift; path = ViewController.swift; sourceTree = "<group>"; };
		3B986FDF1CD55F8B0096A9D1 /* Base */ = {isa = PBXFileReference; lastKnownFileType = file.storyboard; name = Base; path = Base.lproj/Main.storyboard; sourceTree = "<group>"; };
		3B986FE11CD55F8B0096A9D1 /* Assets.xcassets */ = {isa = PBXFileReference; lastKnownFileType = folder.assetcatalog; path = Assets.xcassets; sourceTree = "<group>"; };
		3B986FE41CD55F8B0096A9D1 /* Base */ = {isa = PBXFileReference; lastKnownFileType = file.storyboard; name = Base; path = Base.lproj/LaunchScreen.storyboard; sourceTree = "<group>"; };
		3B986FE61CD55F8B0096A9D1 /* Info.plist */ = {isa = PBXFileReference; lastKnownFileType = text.plist.xml; path = Info.plist; sourceTree = "<group>"; };
		3BD197291CD6ABC200079174 /* AVFoundation.framework */ = {isa = PBXFileReference; lastKnownFileType = wrapper.framework; name = AVFoundation.framework; path = System/Library/Frameworks/AVFoundation.framework; sourceTree = SDKROOT; };
		3BD1972F1CD6CB5A00079174 /* True Frontliner.mp3 */ = {isa = PBXFileReference; lastKnownFileType = audio.mp3; path = "True Frontliner.mp3"; sourceTree = "<group>"; };
		3BD197301CD6CB5A00079174 /* Wild Wild West.mp3 */ = {isa = PBXFileReference; lastKnownFileType = audio.mp3; path = "Wild Wild West.mp3"; sourceTree = "<group>"; };
		3BD197311CD6CB5A00079174 /* Tell Me.mp3 */ = {isa = PBXFileReference; lastKnownFileType = audio.mp3; path = "Tell Me.mp3"; sourceTree = "<group>"; };
/* End PBXFileReference section */

/* Begin PBXFrameworksBuildPhase section */
		3B986FD41CD55F8B0096A9D1 /* Frameworks */ = {
			isa = PBXFrameworksBuildPhase;
			buildActionMask = 2147483647;
			files = (
				3BD1972A1CD6ABC200079174 /* AVFoundation.framework in Frameworks */,
			);
			runOnlyForDeploymentPostprocessing = 0;
		};
/* End PBXFrameworksBuildPhase section */

/* Begin PBXGroup section */
		3B986FCE1CD55F8B0096A9D1 = {
			isa = PBXGroup;
			children = (
				3B986FD91CD55F8B0096A9D1 /* MP3 */,
				3B986FD81CD55F8B0096A9D1 /* Products */,
			);
			sourceTree = "<group>";
		};
		3B986FD81CD55F8B0096A9D1 /* Products */ = {
			isa = PBXGroup;
			children = (
				3B986FD71CD55F8B0096A9D1 /* MP3.app */,
			);
			name = Products;
			sourceTree = "<group>";
		};
		3B986FD91CD55F8B0096A9D1 /* MP3 */ = {
			isa = PBXGroup;
			children = (
				3B986FDA1CD55F8B0096A9D1 /* AppDelegate.swift */,
				3B986FDC1CD55F8B0096A9D1 /* ViewController.swift */,
				3B986FDE1CD55F8B0096A9D1 /* Main.storyboard */,
				3B986FE11CD55F8B0096A9D1 /* Assets.xcassets */,
				3B986FE31CD55F8B0096A9D1 /* LaunchScreen.storyboard */,
				3B986FE61CD55F8B0096A9D1 /* Info.plist */,
				3BD1972C1CD6C9D600079174 /* Songs */,
				3BD197291CD6ABC200079174 /* AVFoundation.framework */,
			);
			path = MP3;
			sourceTree = "<group>";
		};
		3BD1972C1CD6C9D600079174 /* Songs */ = {
			isa = PBXGroup;
			children = (
				3BD1972F1CD6CB5A00079174 /* True Frontliner.mp3 */,
				3BD197301CD6CB5A00079174 /* Wild Wild West.mp3 */,
				3BD197311CD6CB5A00079174 /* Tell Me.mp3 */,
			);
			name = Songs;
			sourceTree = "<group>";
		};
/* End PBXGroup section */

/* Begin PBXNativeTarget section */
		3B986FD61CD55F8B0096A9D1 /* MP3 */ = {
			isa = PBXNativeTarget;
			buildConfigurationList = 3B986FE91CD55F8B0096A9D1 /* Build configuration list for PBXNativeTarget "MP3" */;
			buildPhases = (
				3B986FD31CD55F8B0096A9D1 /* Sources */,
				3B986FD41CD55F8B0096A9D1 /* Frameworks */,
				3B986FD51CD55F8B0096A9D1 /* Resources */,
			);
			buildRules = (
			);
			dependencies = (
			);
			name = MP3;
			productName = MP3;
			productReference = 3B986FD71CD55F8B0096A9D1 /* MP3.app */;
			productType = "com.apple.product-type.application";
		};
/* End PBXNativeTarget section */

/* Begin PBXProject section */
		3B986FCF1CD55F8B0096A9D1 /* Project object */ = {
			isa = PBXProject;
			attributes = {
				LastSwiftUpdateCheck = 0730;
				LastUpgradeCheck = 0730;
				ORGANIZATIONNAME = "Alejandro Veiga López";
				TargetAttributes = {
					3B986FD61CD55F8B0096A9D1 = {
						CreatedOnToolsVersion = 7.3;
						DevelopmentTeam = 85Z64YEG2W;
					};
				};
			};
			buildConfigurationList = 3B986FD21CD55F8B0096A9D1 /* Build configuration list for PBXProject "MP3" */;
			compatibilityVersion = "Xcode 3.2";
			developmentRegion = English;
			hasScannedForEncodings = 0;
			knownRegions = (
				en,
				Base,
			);
			mainGroup = 3B986FCE1CD55F8B0096A9D1;
			productRefGroup = 3B986FD81CD55F8B0096A9D1 /* Products */;
			projectDirPath = "";
			projectRoot = "";
			targets = (
				3B986FD61CD55F8B0096A9D1 /* MP3 */,
			);
		};
/* End PBXProject section */

/* Begin PBXResourcesBuildPhase section */
		3B986FD51CD55F8B0096A9D1 /* Resources */ = {
			isa = PBXResourcesBuildPhase;
			buildActionMask = 2147483647;
			files = (
				3BD197341CD6CB5A00079174 /* Tell Me.mp3 in Resources */,
				3BD197321CD6CB5A00079174 /* True Frontliner.mp3 in Resources */,
				3B986FE51CD55F8B0096A9D1 /* LaunchScreen.storyboard in Resources */,
				3BD197331CD6CB5A00079174 /* Wild Wild West.mp3 in Resources */,
				3B986FE21CD55F8B0096A9D1 /* Assets.xcassets in Resources */,
				3B986FE01CD55F8B0096A9D1 /* Main.storyboard in Resources */,
			);
			runOnlyForDeploymentPostprocessing = 0;
		};
/* End PBXResourcesBuildPhase section */

/* Begin PBXSourcesBuildPhase section */
		3B986FD31CD55F8B0096A9D1 /* Sources */ = {
			isa = PBXSourcesBuildPhase;
			buildActionMask = 2147483647;
			files = (
				3B986FDD1CD55F8B0096A9D1 /* ViewController.swift in Sources */,
				3B986FDB1CD55F8B0096A9D1 /* AppDelegate.swift in Sources */,
			);
			runOnlyForDeploymentPostprocessing = 0;
		};
/* End PBXSourcesBuildPhase section */

/* Begin PBXVariantGroup section */
		3B986FDE1CD55F8B0096A9D1 /* Main.storyboard */ = {
			isa = PBXVariantGroup;
			children = (
				3B986FDF1CD55F8B0096A9D1 /* Base */,
			);
			name = Main.storyboard;
			sourceTree = "<group>";
		};
		3B986FE31CD55F8B0096A9D1 /* LaunchScreen.storyboard */ = {
			isa = PBXVariantGroup;
			children = (
				3B986FE41CD55F8B0096A9D1 /* Base */,
			);
			name = LaunchScreen.storyboard;
			sourceTree = "<group>";
		};
/* End PBXVariantGroup section */

/* Begin XCBuildConfiguration section */
		3B986FE71CD55F8B0096A9D1 /* Debug */ = {
			isa = XCBuildConfiguration;
			buildSettings = {
				ALWAYS_SEARCH_USER_PATHS = NO;
				CLANG_ANALYZER_NONNULL = YES;
				CLANG_CXX_LANGUAGE_STANDARD = "gnu++0x";
				CLANG_CXX_LIBRARY = "libc++";
				CLANG_ENABLE_MODULES = YES;
				CLANG_ENABLE_OBJC_ARC = YES;
				CLANG_WARN_BOOL_CONVERSION = YES;
				CLANG_WARN_CONSTANT_CONVERSION = YES;
				CLANG_WARN_DIRECT_OBJC_ISA_USAGE = YES_ERROR;
				CLANG_WARN_EMPTY_BODY = YES;
				CLANG_WARN_ENUM_CONVERSION = YES;
				CLANG_WARN_INT_CONVERSION = YES;
				CLANG_WARN_OBJC_ROOT_CLASS = YES_ERROR;
				CLANG_WARN_UNREACHABLE_CODE = YES;
				CLANG_WARN__DUPLICATE_METHOD_MATCH = YES;
				"CODE_SIGN_IDENTITY[sdk=iphoneos*]" = "iPhone Developer";
				COPY_PHASE_STRIP = NO;
				DEBUG_INFORMATION_FORMAT = dwarf;
				ENABLE_STRICT_OBJC_MSGSEND = YES;
				ENABLE_TESTABILITY = YES;
				GCC_C_LANGUAGE_STANDARD = gnu99;
				GCC_DYNAMIC_NO_PIC = NO;
				GCC_NO_COMMON_BLOCKS = YES;
				GCC_OPTIMIZATION_LEVEL = 0;
				GCC_PREPROCESSOR_DEFINITIONS = (
					"DEBUG=1",
					"$(inherited)",
				);
				GCC_WARN_64_TO_32_BIT_CONVERSION = YES;
				GCC_WARN_ABOUT_RETURN_TYPE = YES_ERROR;
				GCC_WARN_UNDECLARED_SELECTOR = YES;
				GCC_WARN_UNINITIALIZED_AUTOS = YES_AGGRESSIVE;
				GCC_WARN_UNUSED_FUNCTION = YES;
				GCC_WARN_UNUSED_VARIABLE = YES;
				IPHONEOS_DEPLOYMENT_TARGET = 9.3;
				MTL_ENABLE_DEBUG_INFO = YES;
				ONLY_ACTIVE_ARCH = YES;
				SDKROOT = iphoneos;
				SWIFT_OPTIMIZATION_LEVEL = "-Onone";
				TARGETED_DEVICE_FAMILY = "1,2";
			};
			name = Debug;
		};
		3B986FE81CD55F8B0096A9D1 /* Release */ = {
			isa = XCBuildConfiguration;
			buildSettings = {
				ALWAYS_SEARCH_USER_PATHS = NO;
				CLANG_ANALYZER_NONNULL = YES;
				CLANG_CXX_LANGUAGE_STANDARD = "gnu++0x";
				CLANG_CXX_LIBRARY = "libc++";
				CLANG_ENABLE_MODULES = YES;
				CLANG_ENABLE_OBJC_ARC = YES;
				CLANG_WARN_BOOL_CONVERSION = YES;
				CLANG_WARN_CONSTANT_CONVERSION = YES;
				CLANG_WARN_DIRECT_OBJC_ISA_USAGE = YES_ERROR;
				CLANG_WARN_EMPTY_BODY = YES;
				CLANG_WARN_ENUM_CONVERSION = YES;
				CLANG_WARN_INT_CONVERSION = YES;
				CLANG_WARN_OBJC_ROOT_CLASS = YES_ERROR;
				CLANG_WARN_UNREACHABLE_CODE = YES;
				CLANG_WARN__DUPLICATE_METHOD_MATCH = YES;
				"CODE_SIGN_IDENTITY[sdk=iphoneos*]" = "iPhone Developer";
				COPY_PHASE_STRIP = NO;
				DEBUG_INFORMATION_FORMAT = "dwarf-with-dsym";
				ENABLE_NS_ASSERTIONS = NO;
				ENABLE_STRICT_OBJC_MSGSEND = YES;
				GCC_C_LANGUAGE_STANDARD = gnu99;
				GCC_NO_COMMON_BLOCKS = YES;
				GCC_WARN_64_TO_32_BIT_CONVERSION = YES;
				GCC_WARN_ABOUT_RETURN_TYPE = YES_ERROR;
				GCC_WARN_UNDECLARED_SELECTOR = YES;
				GCC_WARN_UNINITIALIZED_AUTOS = YES_AGGRESSIVE;
				GCC_WARN_UNUSED_FUNCTION = YES;
				GCC_WARN_UNUSED_VARIABLE = YES;
				IPHONEOS_DEPLOYMENT_TARGET = 9.3;
				MTL_ENABLE_DEBUG_INFO = NO;
				SDKROOT = iphoneos;
				TARGETED_DEVICE_FAMILY = "1,2";
				VALIDATE_PRODUCT = YES;
			};
			name = Release;
		};
		3B986FEA1CD55F8B0096A9D1 /* Debug */ = {
			isa = XCBuildConfiguration;
			buildSettings = {
				ASSETCATALOG_COMPILER_APPICON_NAME = AppIcon;
				CODE_SIGN_IDENTITY = "iPhone Developer";
				INFOPLIST_FILE = MP3/Info.plist;
				LD_RUNPATH_SEARCH_PATHS = "$(inherited) @executable_path/Frameworks";
				PRODUCT_BUNDLE_IDENTIFIER = com.alex.MP3;
				PRODUCT_NAME = "$(TARGET_NAME)";
			};
			name = Debug;
		};
		3B986FEB1CD55F8B0096A9D1 /* Release */ = {
			isa = XCBuildConfiguration;
			buildSettings = {
				ASSETCATALOG_COMPILER_APPICON_NAME = AppIcon;
				CODE_SIGN_IDENTITY = "iPhone Developer";
				INFOPLIST_FILE = MP3/Info.plist;
				LD_RUNPATH_SEARCH_PATHS = "$(inherited) @executable_path/Frameworks";
				PRODUCT_BUNDLE_IDENTIFIER = com.alex.MP3;
				PRODUCT_NAME = "$(TARGET_NAME)";
			};
			name = Release;
		};
/* End XCBuildConfiguration section */

/* Begin XCConfigurationList section */
		3B986FD21CD55F8B0096A9D1 /* Build configuration list for PBXProject "MP3" */ = {
			isa = XCConfigurationList;
			buildConfigurations = (
				3B986FE71CD55F8B0096A9D1 /* Debug */,
				3B986FE81CD55F8B0096A9D1 /* Release */,
			);
			defaultConfigurationIsVisible = 0;
			defaultConfigurationName = Release;
		};
		3B986FE91CD55F8B0096A9D1 /* Build configuration list for PBXNativeTarget "MP3" */ = {
			isa = XCConfigurationList;
			buildConfigurations = (
				3B986FEA1CD55F8B0096A9D1 /* Debug */,
				3B986FEB1CD55F8B0096A9D1 /* Release */,
			);
			defaultConfigurationIsVisible = 0;
			defaultConfigurationName = Release;
		};
/* End XCConfigurationList section */
	};
	rootObject = 3B986FCF1CD55F8B0096A9D1 /* Project object */;
}
